
Microsoft Visual Studio Solution File, Format Version 12.00
# Visual Studio Version 16
VisualStudioVersion = 16.0.31205.134
MinimumVisualStudioVersion = 10.0.40219.1
Project("{FAE04EC0-301F-11D3-BF4B-00C04F79EFBC}") = "Logger", "Logger\Logger.csproj", "{8CC75BB6-9CA5-4CA4-B211-8D5236F77D2C}"
EndProject
Global
	GlobalSection(SolutionConfigurationPlatforms) = preSolution
		Debug|Any CPU = Debug|Any CPU
		Release|Any CPU = Release|Any CPU
	EndGlobalSection
	GlobalSection(ProjectConfigurationPlatforms) = postSolution
		{8CC75BB6-9CA5-4CA4-B211-8D5236F77D2C}.Debug|Any CPU.ActiveCfg = Debug|Any CPU
		{8CC75BB6-9CA5-4CA4-B211-8D5236F77D2C}.Debug|Any CPU.Build.0 = Debug|Any CPU
		{8CC75BB6-9CA5-4CA4-B211-8D5236F77D2C}.Release|Any CPU.ActiveCfg = Release|Any CPU
		{8CC75BB6-9CA5-4CA4-B211-8D5236F77D2C}.Release|Any CPU.Build.0 = Release|Any CPU
	EndGlobalSection
	GlobalSection(SolutionProperties) = preSolution
		HideSolutionNode = FALSE
	EndGlobalSection
	GlobalSection(ExtensibilityGlobals) = postSolution
		SolutionGuid = {8C41E37F-D5D4-4B57-8A13-6D02A85FB783}
	EndGlobalSection
EndGlobal
